
Microsoft Visual Studio Solution File, Format Version 12.00
# Visual Studio 14
VisualStudioVersion = 14.0.25420.1
MinimumVisualStudioVersion = 10.0.40219.1
Project("{FAE04EC0-301F-11D3-BF4B-00C04F79EFBC}") = "ARREGLOS", "ARREGLOS\ARREGLOS.csproj", "{8AC23FC2-D769-4C07-BFFD-16224FC714C3}"
EndProject
Project("{FAE04EC0-301F-11D3-BF4B-00C04F79EFBC}") = "TAREA", "TAREA\TAREA.csproj", "{AFCD105E-52AB-438D-89F9-E5748A9DE9FB}"
EndProject
Project("{FAE04EC0-301F-11D3-BF4B-00C04F79EFBC}") = "PAIS DEL MUNDO E1", "PAIS DEL MUNDO E1\PAIS DEL MUNDO E1.csproj", "{F4F4828B-F1CD-4A20-AC75-0104A0195419}"
EndProject
Project("{FAE04EC0-301F-11D3-BF4B-00C04F79EFBC}") = "PAISES DEL MUNDO", "PAISES DEL MUNDO\PAISES DEL MUNDO.csproj", "{AF59DDE2-3FB3-4132-A035-DCD5B231C17E}"
EndProject
Project("{FAE04EC0-301F-11D3-BF4B-00C04F79EFBC}") = "alumnos", "alumnos\alumnos.csproj", "{876D607B-E50D-4889-BFDF-1E9EE74209E2}"
EndProject
Project("{FAE04EC0-301F-11D3-BF4B-00C04F79EFBC}") = "alumno y docente", "..\..\..\..\..\Visual Studio 2015\Projects\alumno\alumno y docente\alumno y docente.csproj", "{82213691-DA72-4DFF-8B93-7CC35E843853}"
EndProject
Project("{FAE04EC0-301F-11D3-BF4B-00C04F79EFBC}") = "Bidimensional1", "Bidimensional1\Bidimensional1.csproj", "{BC1F2393-847F-4A0F-90EF-9456D1C39A80}"
EndProject
Project("{FAE04EC0-301F-11D3-BF4B-00C04F79EFBC}") = "Bidimensional2", "Bidimensional2\Bidimensional2.csproj", "{3462CA72-5768-4642-8E40-BF094AD90E73}"
EndProject
Project("{FAE04EC0-301F-11D3-BF4B-00C04F79EFBC}") = "NumeroMenorMayor", "NumeroMayorMenor\NumeroMenorMayor.csproj", "{63E10915-5EEF-435C-AB8E-3DBB95C84DB4}"
EndProject
Project("{FAE04EC0-301F-11D3-BF4B-00C04F79EFBC}") = "Mi programa", "Mi programa\Mi programa.csproj", "{95C3D41C-2FF8-4F45-8CE1-AEBE1079A058}"
EndProject
Global
	GlobalSection(SolutionConfigurationPlatforms) = preSolution
		Debug|Any CPU = Debug|Any CPU
		Release|Any CPU = Release|Any CPU
	EndGlobalSection
	GlobalSection(ProjectConfigurationPlatforms) = postSolution
		{8AC23FC2-D769-4C07-BFFD-16224FC714C3}.Debug|Any CPU.ActiveCfg = Debug|Any CPU
		{8AC23FC2-D769-4C07-BFFD-16224FC714C3}.Debug|Any CPU.Build.0 = Debug|Any CPU
		{8AC23FC2-D769-4C07-BFFD-16224FC714C3}.Release|Any CPU.ActiveCfg = Release|Any CPU
		{8AC23FC2-D769-4C07-BFFD-16224FC714C3}.Release|Any CPU.Build.0 = Release|Any CPU
		{AFCD105E-52AB-438D-89F9-E5748A9DE9FB}.Debug|Any CPU.ActiveCfg = Debug|Any CPU
		{AFCD105E-52AB-438D-89F9-E5748A9DE9FB}.Debug|Any CPU.Build.0 = Debug|Any CPU
		{AFCD105E-52AB-438D-89F9-E5748A9DE9FB}.Release|Any CPU.ActiveCfg = Release|Any CPU
		{AFCD105E-52AB-438D-89F9-E5748A9DE9FB}.Release|Any CPU.Build.0 = Release|Any CPU
		{F4F4828B-F1CD-4A20-AC75-0104A0195419}.Debug|Any CPU.ActiveCfg = Debug|Any CPU
		{F4F4828B-F1CD-4A20-AC75-0104A0195419}.Debug|Any CPU.Build.0 = Debug|Any CPU
		{F4F4828B-F1CD-4A20-AC75-0104A0195419}.Release|Any CPU.ActiveCfg = Release|Any CPU
		{F4F4828B-F1CD-4A20-AC75-0104A0195419}.Release|Any CPU.Build.0 = Release|Any CPU
		{AF59DDE2-3FB3-4132-A035-DCD5B231C17E}.Debug|Any CPU.ActiveCfg = Debug|Any CPU
		{AF59DDE2-3FB3-4132-A035-DCD5B231C17E}.Debug|Any CPU.Build.0 = Debug|Any CPU
		{AF59DDE2-3FB3-4132-A035-DCD5B231C17E}.Release|Any CPU.ActiveCfg = Release|Any CPU
		{AF59DDE2-3FB3-4132-A035-DCD5B231C17E}.Release|Any CPU.Build.0 = Release|Any CPU
		{876D607B-E50D-4889-BFDF-1E9EE74209E2}.Debug|Any CPU.ActiveCfg = Debug|Any CPU
		{876D607B-E50D-4889-BFDF-1E9EE74209E2}.Debug|Any CPU.Build.0 = Debug|Any CPU
		{876D607B-E50D-4889-BFDF-1E9EE74209E2}.Release|Any CPU.ActiveCfg = Release|Any CPU
		{876D607B-E50D-4889-BFDF-1E9EE74209E2}.Release|Any CPU.Build.0 = Release|Any CPU
		{82213691-DA72-4DFF-8B93-7CC35E843853}.Debug|Any CPU.ActiveCfg = Debug|Any CPU
		{82213691-DA72-4DFF-8B93-7CC35E843853}.Debug|Any CPU.Build.0 = Debug|Any CPU
		{82213691-DA72-4DFF-8B93-7CC35E843853}.Release|Any CPU.ActiveCfg = Release|Any CPU
		{82213691-DA72-4DFF-8B93-7CC35E843853}.Release|Any CPU.Build.0 = Release|Any CPU
		{BC1F2393-847F-4A0F-90EF-9456D1C39A80}.Debug|Any CPU.ActiveCfg = Debug|Any CPU
		{BC1F2393-847F-4A0F-90EF-9456D1C39A80}.Debug|Any CPU.Build.0 = Debug|Any CPU
		{BC1F2393-847F-4A0F-90EF-9456D1C39A80}.Release|Any CPU.ActiveCfg = Release|Any CPU
		{BC1F2393-847F-4A0F-90EF-9456D1C39A80}.Release|Any CPU.Build.0 = Release|Any CPU
		{3462CA72-5768-4642-8E40-BF094AD90E73}.Debug|Any CPU.ActiveCfg = Debug|Any CPU
		{3462CA72-5768-4642-8E40-BF094AD90E73}.Debug|Any CPU.Build.0 = Debug|Any CPU
		{3462CA72-5768-4642-8E40-BF094AD90E73}.Release|Any CPU.ActiveCfg = Release|Any CPU
		{3462CA72-5768-4642-8E40-BF094AD90E73}.Release|Any CPU.Build.0 = Release|Any CPU
		{63E10915-5EEF-435C-AB8E-3DBB95C84DB4}.Debug|Any CPU.ActiveCfg = Debug|Any CPU
		{63E10915-5EEF-435C-AB8E-3DBB95C84DB4}.Debug|Any CPU.Build.0 = Debug|Any CPU
		{63E10915-5EEF-435C-AB8E-3DBB95C84DB4}.Release|Any CPU.ActiveCfg = Release|Any CPU
		{63E10915-5EEF-435C-AB8E-3DBB95C84DB4}.Release|Any CPU.Build.0 = Release|Any CPU
		{95C3D41C-2FF8-4F45-8CE1-AEBE1079A058}.Debug|Any CPU.ActiveCfg = Debug|Any CPU
		{95C3D41C-2FF8-4F45-8CE1-AEBE1079A058}.Debug|Any CPU.Build.0 = Debug|Any CPU
		{95C3D41C-2FF8-4F45-8CE1-AEBE1079A058}.Release|Any CPU.ActiveCfg = Release|Any CPU
		{95C3D41C-2FF8-4F45-8CE1-AEBE1079A058}.Release|Any CPU.Build.0 = Release|Any CPU
	EndGlobalSection
	GlobalSection(SolutionProperties) = preSolution
		HideSolutionNode = FALSE
	EndGlobalSection
EndGlobal
